
Microsoft Visual Studio Solution File, Format Version 12.00
# Visual Studio Version 16
VisualStudioVersion = 16.0.30320.27
MinimumVisualStudioVersion = 10.0.40219.1
Project("{9A19103F-16F7-4668-BE54-9A1E7A4F7556}") = "SupportPagesPro", "SupportPagesPro.csproj", "{F5712CE2-C429-4D6E-ADAB-03C73BC3975A}"
EndProject
Global
	GlobalSection(SolutionConfigurationPlatforms) = preSolution
		Debug|Any CPU = Debug|Any CPU
		Release|Any CPU = Release|Any CPU
	EndGlobalSection
	GlobalSection(ProjectConfigurationPlatforms) = postSolution
		{F5712CE2-C429-4D6E-ADAB-03C73BC3975A}.Debug|Any CPU.ActiveCfg = Debug|Any CPU
		{F5712CE2-C429-4D6E-ADAB-03C73BC3975A}.Debug|Any CPU.Build.0 = Debug|Any CPU
		{F5712CE2-C429-4D6E-ADAB-03C73BC3975A}.Release|Any CPU.ActiveCfg = Release|Any CPU
		{F5712CE2-C429-4D6E-ADAB-03C73BC3975A}.Release|Any CPU.Build.0 = Release|Any CPU
	EndGlobalSection
	GlobalSection(SolutionProperties) = preSolution
		HideSolutionNode = FALSE
	EndGlobalSection
	GlobalSection(ExtensibilityGlobals) = postSolution
		SolutionGuid = {763EC1EF-DA73-4386-880C-241C84AE2E2C}
	EndGlobalSection
EndGlobal
